{
  "name": "cryptoexperiments",
  "version": "1.0.0",
  "lockfileVersion": 2,
  "requires": true,
  "packages": {
    "": {
      "name": "cryptoexperiments",
      "version": "1.0.0",
      "license": "ISC",
      "dependencies": {
        "ccxt": "^1.49.91"
      }
    },
    "node_modules/ccxt": {
      "version": "1.49.91",
      "resolved": "https://registry.npmjs.org/ccxt/-/ccxt-1.49.91.tgz",
      "integrity": "sha512-6XzIM+ZU4BM8SbK40wihYuFign5tadoMRcvXHNOtLEl6TVl3Mxua2tBy/vib+5+oMbNGvWi0K1UM+Mf3jqCB/w==",
      "hasInstallScript": true,
      "engines": {
        "node": ">=7.6.0"
      }
    }
  },
  "dependencies": {
    "ccxt": {
      "version": "1.49.91",
      "resolved": "https://registry.npmjs.org/ccxt/-/ccxt-1.49.91.tgz",
      "integrity": "sha512-6XzIM+ZU4BM8SbK40wihYuFign5tadoMRcvXHNOtLEl6TVl3Mxua2tBy/vib+5+oMbNGvWi0K1UM+Mf3jqCB/w=="
    }
  }
}
